
Microsoft Visual Studio Solution File, Format Version 12.00
# Visual Studio Version 17
VisualStudioVersion = 17.5.33530.505
MinimumVisualStudioVersion = 10.0.40219.1
Project("{FAE04EC0-301F-11D3-BF4B-00C04F79EFBC}") = "HMS", "HMS\HMS.csproj", "{D8E0FD55-899B-43B1-B5B1-344B22956A89}"
EndProject
Global
	GlobalSection(SolutionConfigurationPlatforms) = preSolution
		Debug|Any CPU = Debug|Any CPU
		Release|Any CPU = Release|Any CPU
	EndGlobalSection
	GlobalSection(ProjectConfigurationPlatforms) = postSolution
		{D8E0FD55-899B-43B1-B5B1-344B22956A89}.Debug|Any CPU.ActiveCfg = Debug|Any CPU
		{D8E0FD55-899B-43B1-B5B1-344B22956A89}.Debug|Any CPU.Build.0 = Debug|Any CPU
		{D8E0FD55-899B-43B1-B5B1-344B22956A89}.Release|Any CPU.ActiveCfg = Release|Any CPU
		{D8E0FD55-899B-43B1-B5B1-344B22956A89}.Release|Any CPU.Build.0 = Release|Any CPU
	EndGlobalSection
	GlobalSection(SolutionProperties) = preSolution
		HideSolutionNode = FALSE
	EndGlobalSection
	GlobalSection(ExtensibilityGlobals) = postSolution
		SolutionGuid = {FD90D8D7-5E14-47B2-8873-2510C6D0EE63}
	EndGlobalSection
EndGlobal
